
Microsoft Visual Studio Solution File, Format Version 12.00
# Visual Studio Version 16
VisualStudioVersion = 16.0.30204.135
MinimumVisualStudioVersion = 10.0.40219.1
Project("{FAE04EC0-301F-11D3-BF4B-00C04F79EFBC}") = "GameboyEmulator", "GameboyEmulator\GameboyEmulator.csproj", "{549B5417-C2FE-44A4-9A22-523390139CF7}"
EndProject
Global
	GlobalSection(SolutionConfigurationPlatforms) = preSolution
		Debug|Any CPU = Debug|Any CPU
		Release|Any CPU = Release|Any CPU
	EndGlobalSection
	GlobalSection(ProjectConfigurationPlatforms) = postSolution
		{549B5417-C2FE-44A4-9A22-523390139CF7}.Debug|Any CPU.ActiveCfg = Debug|Any CPU
		{549B5417-C2FE-44A4-9A22-523390139CF7}.Debug|Any CPU.Build.0 = Debug|Any CPU
		{549B5417-C2FE-44A4-9A22-523390139CF7}.Release|Any CPU.ActiveCfg = Release|Any CPU
		{549B5417-C2FE-44A4-9A22-523390139CF7}.Release|Any CPU.Build.0 = Release|Any CPU
	EndGlobalSection
	GlobalSection(SolutionProperties) = preSolution
		HideSolutionNode = FALSE
	EndGlobalSection
	GlobalSection(ExtensibilityGlobals) = postSolution
		SolutionGuid = {D3D079E7-0A61-4ABA-9061-53B9B639BBD4}
	EndGlobalSection
EndGlobal
